{
	"name": "jsnote-yw",
	"version": "1.0.0-alpha.0",
	"lockfileVersion": 1,
	"requires": true,
	"dependencies": {
		"@types/node": {
			"version": "17.0.35",
			"resolved": "https://registry.npmjs.org/@types/node/-/node-17.0.35.tgz",
			"integrity": "sha512-vu1SrqBjbbZ3J6vwY17jBs8Sr/BKA+/a/WtjRG+whKg1iuLFOosq872EXS0eXWILdO36DHQQeku/ZcL6hz2fpg==",
			"dev": true
		},
		"commander": {
			"version": "9.2.0",
			"resolved": "https://registry.npmjs.org/commander/-/commander-9.2.0.tgz",
			"integrity": "sha512-e2i4wANQiSXgnrBlIatyHtP1odfUp0BbV5Y5nEGbxtIrStkEOAAzCUirvLBNXHLr7kwLvJl6V+4V3XV9x7Wd9w=="
		},
		"esbuild": {
			"version": "0.8.26",
			"resolved": "https://registry.npmjs.org/esbuild/-/esbuild-0.8.26.tgz",
			"integrity": "sha512-u3MMHOOumdWoAKF+073GHPpzvVB2cM+y9VD4ZwYs1FAQ6atRPISya35dbrbOu/mM68mQ42P+nwPzQVBTfQhkvQ==",
			"dev": true
		},
		"typescript": {
			"version": "4.7.2",
			"resolved": "https://registry.npmjs.org/typescript/-/typescript-4.7.2.tgz",
			"integrity": "sha512-Mamb1iX2FDUpcTRzltPxgWMKy3fhg0TN378ylbktPGPK/99KbDtMQ4W1hwgsbPAsG3a0xKa1vmw4VKZQbkvz5A==",
			"dev": true
		}
	}
}
